// !$*UTF8*$!
{
	archiveVersion = 1;
	classes = {
	};
	objectVersion = 46;
	objects = {

/* Begin PBXBuildFile section */
		2904466116AC1D8900819043 /* UIKit.framework in Frameworks */ = {isa = PBXBuildFile; fileRef = 2904466016AC1D8900819043 /* UIKit.framework */; };
		2904466316AC1D8900819043 /* Foundation.framework in Frameworks */ = {isa = PBXBuildFile; fileRef = 2904466216AC1D8900819043 /* Foundation.framework */; };
		2904466516AC1D8900819043 /* CoreGraphics.framework in Frameworks */ = {isa = PBXBuildFile; fileRef = 2904466416AC1D8900819043 /* CoreGraphics.framework */; };
		2904466B16AC1D8900819043 /* InfoPlist.strings in Resources */ = {isa = PBXBuildFile; fileRef = 2904466916AC1D8900819043 /* InfoPlist.strings */; };
		2904466D16AC1D8900819043 /* main.m in Sources */ = {isa = PBXBuildFile; fileRef = 2904466C16AC1D8900819043 /* main.m */; };
		2904467116AC1D8900819043 /* CostCntAppDelegate.m in Sources */ = {isa = PBXBuildFile; fileRef = 2904467016AC1D8900819043 /* CostCntAppDelegate.m */; };
		2904467316AC1D8900819043 /* Default.png in Resources */ = {isa = PBXBuildFile; fileRef = 2904467216AC1D8900819043 /* Default.png */; };
		2904467516AC1D8900819043 /* Default@2x.png in Resources */ = {isa = PBXBuildFile; fileRef = 2904467416AC1D8900819043 /* Default@2x.png */; };
		2904467716AC1D8900819043 /* Default-568h@2x.png in Resources */ = {isa = PBXBuildFile; fileRef = 2904467616AC1D8900819043 /* Default-568h@2x.png */; };
		2904467A16AC1D8900819043 /* MainStoryboard.storyboard in Resources */ = {isa = PBXBuildFile; fileRef = 2904467816AC1D8900819043 /* MainStoryboard.storyboard */; };
		2904467D16AC1D8900819043 /* CostCntViewController.m in Sources */ = {isa = PBXBuildFile; fileRef = 2904467C16AC1D8900819043 /* CostCntViewController.m */; };
/* End PBXBuildFile section */

/* Begin PBXFileReference section */
		2904465C16AC1D8900819043 /* CostCounter.app */ = {isa = PBXFileReference; explicitFileType = wrapper.application; includeInIndex = 0; path = CostCounter.app; sourceTree = BUILT_PRODUCTS_DIR; };
		2904466016AC1D8900819043 /* UIKit.framework */ = {isa = PBXFileReference; lastKnownFileType = wrapper.framework; name = UIKit.framework; path = System/Library/Frameworks/UIKit.framework; sourceTree = SDKROOT; };
		2904466216AC1D8900819043 /* Foundation.framework */ = {isa = PBXFileReference; lastKnownFileType = wrapper.framework; name = Foundation.framework; path = System/Library/Frameworks/Foundation.framework; sourceTree = SDKROOT; };
		2904466416AC1D8900819043 /* CoreGraphics.framework */ = {isa = PBXFileReference; lastKnownFileType = wrapper.framework; name = CoreGraphics.framework; path = System/Library/Frameworks/CoreGraphics.framework; sourceTree = SDKROOT; };
		2904466816AC1D8900819043 /* CostCounter-Info.plist */ = {isa = PBXFileReference; lastKnownFileType = text.plist.xml; path = "CostCounter-Info.plist"; sourceTree = "<group>"; };
		2904466A16AC1D8900819043 /* en */ = {isa = PBXFileReference; lastKnownFileType = text.plist.strings; name = en; path = en.lproj/InfoPlist.strings; sourceTree = "<group>"; };
		2904466C16AC1D8900819043 /* main.m */ = {isa = PBXFileReference; lastKnownFileType = sourcecode.c.objc; path = main.m; sourceTree = "<group>"; };
		2904466E16AC1D8900819043 /* CostCounter-Prefix.pch */ = {isa = PBXFileReference; lastKnownFileType = sourcecode.c.h; path = "CostCounter-Prefix.pch"; sourceTree = "<group>"; };
		2904466F16AC1D8900819043 /* CostCntAppDelegate.h */ = {isa = PBXFileReference; lastKnownFileType = sourcecode.c.h; path = CostCntAppDelegate.h; sourceTree = "<group>"; };
		2904467016AC1D8900819043 /* CostCntAppDelegate.m */ = {isa = PBXFileReference; lastKnownFileType = sourcecode.c.objc; path = CostCntAppDelegate.m; sourceTree = "<group>"; };
		2904467216AC1D8900819043 /* Default.png */ = {isa = PBXFileReference; lastKnownFileType = image.png; path = Default.png; sourceTree = "<group>"; };
		2904467416AC1D8900819043 /* Default@2x.png */ = {isa = PBXFileReference; lastKnownFileType = image.png; path = "Default@2x.png"; sourceTree = "<group>"; };
		2904467616AC1D8900819043 /* Default-568h@2x.png */ = {isa = PBXFileReference; lastKnownFileType = image.png; path = "Default-568h@2x.png"; sourceTree = "<group>"; };
		2904467916AC1D8900819043 /* en */ = {isa = PBXFileReference; lastKnownFileType = file.storyboard; name = en; path = en.lproj/MainStoryboard.storyboard; sourceTree = "<group>"; };
		2904467B16AC1D8900819043 /* CostCntViewController.h */ = {isa = PBXFileReference; lastKnownFileType = sourcecode.c.h; path = CostCntViewController.h; sourceTree = "<group>"; };
		2904467C16AC1D8900819043 /* CostCntViewController.m */ = {isa = PBXFileReference; lastKnownFileType = sourcecode.c.objc; path = CostCntViewController.m; sourceTree = "<group>"; };
/* End PBXFileReference section */

/* Begin PBXFrameworksBuildPhase section */
		2904465916AC1D8900819043 /* Frameworks */ = {
			isa = PBXFrameworksBuildPhase;
			buildActionMask = 2147483647;
			files = (
				2904466116AC1D8900819043 /* UIKit.framework in Frameworks */,
				2904466316AC1D8900819043 /* Foundation.framework in Frameworks */,
				2904466516AC1D8900819043 /* CoreGraphics.framework in Frameworks */,
			);
			runOnlyForDeploymentPostprocessing = 0;
		};
/* End PBXFrameworksBuildPhase section */

/* Begin PBXGroup section */
		2904465116AC1D8900819043 = {
			isa = PBXGroup;
			children = (
				2904466616AC1D8900819043 /* CostCounter */,
				2904465F16AC1D8900819043 /* Frameworks */,
				2904465D16AC1D8900819043 /* Products */,
			);
			sourceTree = "<group>";
		};
		2904465D16AC1D8900819043 /* Products */ = {
			isa = PBXGroup;
			children = (
				2904465C16AC1D8900819043 /* CostCounter.app */,
			);
			name = Products;
			sourceTree = "<group>";
		};
		2904465F16AC1D8900819043 /* Frameworks */ = {
			isa = PBXGroup;
			children = (
				2904466016AC1D8900819043 /* UIKit.framework */,
				2904466216AC1D8900819043 /* Foundation.framework */,
				2904466416AC1D8900819043 /* CoreGraphics.framework */,
			);
			name = Frameworks;
			sourceTree = "<group>";
		};
		2904466616AC1D8900819043 /* CostCounter */ = {
			isa = PBXGroup;
			children = (
				2904466F16AC1D8900819043 /* CostCntAppDelegate.h */,
				2904467016AC1D8900819043 /* CostCntAppDelegate.m */,
				2904467816AC1D8900819043 /* MainStoryboard.storyboard */,
				2904467B16AC1D8900819043 /* CostCntViewController.h */,
				2904467C16AC1D8900819043 /* CostCntViewController.m */,
				2904466716AC1D8900819043 /* Supporting Files */,
			);
			path = CostCounter;
			sourceTree = "<group>";
		};
		2904466716AC1D8900819043 /* Supporting Files */ = {
			isa = PBXGroup;
			children = (
				2904466816AC1D8900819043 /* CostCounter-Info.plist */,
				2904466916AC1D8900819043 /* InfoPlist.strings */,
				2904466C16AC1D8900819043 /* main.m */,
				2904466E16AC1D8900819043 /* CostCounter-Prefix.pch */,
				2904467216AC1D8900819043 /* Default.png */,
				2904467416AC1D8900819043 /* Default@2x.png */,
				2904467616AC1D8900819043 /* Default-568h@2x.png */,
			);
			name = "Supporting Files";
			sourceTree = "<group>";
		};
/* End PBXGroup section */

/* Begin PBXNativeTarget section */
		2904465B16AC1D8900819043 /* CostCounter */ = {
			isa = PBXNativeTarget;
			buildConfigurationList = 2904468016AC1D8900819043 /* Build configuration list for PBXNativeTarget "CostCounter" */;
			buildPhases = (
				2904465816AC1D8900819043 /* Sources */,
				2904465916AC1D8900819043 /* Frameworks */,
				2904465A16AC1D8900819043 /* Resources */,
			);
			buildRules = (
			);
			dependencies = (
			);
			name = CostCounter;
			productName = CostCounter;
			productReference = 2904465C16AC1D8900819043 /* CostCounter.app */;
			productType = "com.apple.product-type.application";
		};
/* End PBXNativeTarget section */

/* Begin PBXProject section */
		2904465316AC1D8900819043 /* Project object */ = {
			isa = PBXProject;
			attributes = {
				CLASSPREFIX = CostCnt;
				LastUpgradeCheck = 0450;
				ORGANIZATIONNAME = "香川 浩之";
			};
			buildConfigurationList = 2904465616AC1D8900819043 /* Build configuration list for PBXProject "CostCounter" */;
			compatibilityVersion = "Xcode 3.2";
			developmentRegion = English;
			hasScannedForEncodings = 0;
			knownRegions = (
				en,
			);
			mainGroup = 2904465116AC1D8900819043;
			productRefGroup = 2904465D16AC1D8900819043 /* Products */;
			projectDirPath = "";
			projectRoot = "";
			targets = (
				2904465B16AC1D8900819043 /* CostCounter */,
			);
		};
/* End PBXProject section */

/* Begin PBXResourcesBuildPhase section */
		2904465A16AC1D8900819043 /* Resources */ = {
			isa = PBXResourcesBuildPhase;
			buildActionMask = 2147483647;
			files = (
				2904466B16AC1D8900819043 /* InfoPlist.strings in Resources */,
				2904467316AC1D8900819043 /* Default.png in Resources */,
				2904467516AC1D8900819043 /* Default@2x.png in Resources */,
				2904467716AC1D8900819043 /* Default-568h@2x.png in Resources */,
				2904467A16AC1D8900819043 /* MainStoryboard.storyboard in Resources */,
			);
			runOnlyForDeploymentPostprocessing = 0;
		};
/* End PBXResourcesBuildPhase section */

/* Begin PBXSourcesBuildPhase section */
		2904465816AC1D8900819043 /* Sources */ = {
			isa = PBXSourcesBuildPhase;
			buildActionMask = 2147483647;
			files = (
				2904466D16AC1D8900819043 /* main.m in Sources */,
				2904467116AC1D8900819043 /* CostCntAppDelegate.m in Sources */,
				2904467D16AC1D8900819043 /* CostCntViewController.m in Sources */,
			);
			runOnlyForDeploymentPostprocessing = 0;
		};
/* End PBXSourcesBuildPhase section */

/* Begin PBXVariantGroup section */
		2904466916AC1D8900819043 /* InfoPlist.strings */ = {
			isa = PBXVariantGroup;
			children = (
				2904466A16AC1D8900819043 /* en */,
			);
			name = InfoPlist.strings;
			sourceTree = "<group>";
		};
		2904467816AC1D8900819043 /* MainStoryboard.storyboard */ = {
			isa = PBXVariantGroup;
			children = (
				2904467916AC1D8900819043 /* en */,
			);
			name = MainStoryboard.storyboard;
			sourceTree = "<group>";
		};
/* End PBXVariantGroup section */

/* Begin XCBuildConfiguration section */
		2904467E16AC1D8900819043 /* Debug */ = {
			isa = XCBuildConfiguration;
			buildSettings = {
				ALWAYS_SEARCH_USER_PATHS = NO;
				CLANG_CXX_LANGUAGE_STANDARD = "gnu++0x";
				CLANG_CXX_LIBRARY = "libc++";
				CLANG_WARN_EMPTY_BODY = YES;
				CLANG_WARN__DUPLICATE_METHOD_MATCH = YES;
				"CODE_SIGN_IDENTITY[sdk=iphoneos*]" = "iPhone Developer";
				COPY_PHASE_STRIP = NO;
				GCC_C_LANGUAGE_STANDARD = gnu99;
				GCC_DYNAMIC_NO_PIC = NO;
				GCC_OPTIMIZATION_LEVEL = 0;
				GCC_PREPROCESSOR_DEFINITIONS = (
					"DEBUG=1",
					"$(inherited)",
				);
				GCC_SYMBOLS_PRIVATE_EXTERN = NO;
				GCC_WARN_ABOUT_RETURN_TYPE = YES;
				GCC_WARN_UNINITIALIZED_AUTOS = YES;
				GCC_WARN_UNUSED_VARIABLE = YES;
				IPHONEOS_DEPLOYMENT_TARGET = 6.0;
				ONLY_ACTIVE_ARCH = YES;
				SDKROOT = iphoneos;
			};
			name = Debug;
		};
		2904467F16AC1D8900819043 /* Release */ = {
			isa = XCBuildConfiguration;
			buildSettings = {
				ALWAYS_SEARCH_USER_PATHS = NO;
				CLANG_CXX_LANGUAGE_STANDARD = "gnu++0x";
				CLANG_CXX_LIBRARY = "libc++";
				CLANG_WARN_EMPTY_BODY = YES;
				CLANG_WARN__DUPLICATE_METHOD_MATCH = YES;
				"CODE_SIGN_IDENTITY[sdk=iphoneos*]" = "iPhone Developer";
				COPY_PHASE_STRIP = YES;
				GCC_C_LANGUAGE_STANDARD = gnu99;
				GCC_WARN_ABOUT_RETURN_TYPE = YES;
				GCC_WARN_UNINITIALIZED_AUTOS = YES;
				GCC_WARN_UNUSED_VARIABLE = YES;
				IPHONEOS_DEPLOYMENT_TARGET = 6.0;
				OTHER_CFLAGS = "-DNS_BLOCK_ASSERTIONS=1";
				SDKROOT = iphoneos;
				VALIDATE_PRODUCT = YES;
			};
			name = Release;
		};
		2904468116AC1D8900819043 /* Debug */ = {
			isa = XCBuildConfiguration;
			buildSettings = {
				GCC_PRECOMPILE_PREFIX_HEADER = YES;
				GCC_PREFIX_HEADER = "CostCounter/CostCounter-Prefix.pch";
				INFOPLIST_FILE = "CostCounter/CostCounter-Info.plist";
				PRODUCT_NAME = "$(TARGET_NAME)";
				WRAPPER_EXTENSION = app;
			};
			name = Debug;
		};
		2904468216AC1D8900819043 /* Release */ = {
			isa = XCBuildConfiguration;
			buildSettings = {
				GCC_PRECOMPILE_PREFIX_HEADER = YES;
				GCC_PREFIX_HEADER = "CostCounter/CostCounter-Prefix.pch";
				INFOPLIST_FILE = "CostCounter/CostCounter-Info.plist";
				PRODUCT_NAME = "$(TARGET_NAME)";
				WRAPPER_EXTENSION = app;
			};
			name = Release;
		};
/* End XCBuildConfiguration section */

/* Begin XCConfigurationList section */
		2904465616AC1D8900819043 /* Build configuration list for PBXProject "CostCounter" */ = {
			isa = XCConfigurationList;
			buildConfigurations = (
				2904467E16AC1D8900819043 /* Debug */,
				2904467F16AC1D8900819043 /* Release */,
			);
			defaultConfigurationIsVisible = 0;
			defaultConfigurationName = Release;
		};
		2904468016AC1D8900819043 /* Build configuration list for PBXNativeTarget "CostCounter" */ = {
			isa = XCConfigurationList;
			buildConfigurations = (
				2904468116AC1D8900819043 /* Debug */,
				2904468216AC1D8900819043 /* Release */,
			);
			defaultConfigurationIsVisible = 0;
		};
/* End XCConfigurationList section */
	};
	rootObject = 2904465316AC1D8900819043 /* Project object */;
}
